
Microsoft Visual Studio Solution File, Format Version 12.00
# Visual Studio 15
VisualStudioVersion = 15.0.28307.421
MinimumVisualStudioVersion = 10.0.40219.1
Project("{FAE04EC0-301F-11D3-BF4B-00C04F79EFBC}") = "Calculator", "Calculator\Calculator.csproj", "{C7555B81-5FED-4310-9896-0AA51D4D625E}"
EndProject
Project("{FAE04EC0-301F-11D3-BF4B-00C04F79EFBC}") = "CalculatorApp.Test", "NUnitTestProject1\CalculatorApp.Test.csproj", "{1608404B-0FF7-49DC-821A-D56C6F9A7162}"
EndProject
Project("{FAE04EC0-301F-11D3-BF4B-00C04F79EFBC}") = "CalculatorApp.Test2", "XUnitTestProject1\CalculatorApp.Test2.csproj", "{2CE21EC0-0954-4414-B26D-8734ADEC3A9B}"
EndProject
Global
	GlobalSection(SolutionConfigurationPlatforms) = preSolution
		Debug|Any CPU = Debug|Any CPU
		Release|Any CPU = Release|Any CPU
	EndGlobalSection
	GlobalSection(ProjectConfigurationPlatforms) = postSolution
		{C7555B81-5FED-4310-9896-0AA51D4D625E}.Debug|Any CPU.ActiveCfg = Debug|Any CPU
		{C7555B81-5FED-4310-9896-0AA51D4D625E}.Debug|Any CPU.Build.0 = Debug|Any CPU
		{C7555B81-5FED-4310-9896-0AA51D4D625E}.Release|Any CPU.ActiveCfg = Release|Any CPU
		{C7555B81-5FED-4310-9896-0AA51D4D625E}.Release|Any CPU.Build.0 = Release|Any CPU
		{1608404B-0FF7-49DC-821A-D56C6F9A7162}.Debug|Any CPU.ActiveCfg = Debug|Any CPU
		{1608404B-0FF7-49DC-821A-D56C6F9A7162}.Debug|Any CPU.Build.0 = Debug|Any CPU
		{1608404B-0FF7-49DC-821A-D56C6F9A7162}.Release|Any CPU.ActiveCfg = Release|Any CPU
		{1608404B-0FF7-49DC-821A-D56C6F9A7162}.Release|Any CPU.Build.0 = Release|Any CPU
		{2CE21EC0-0954-4414-B26D-8734ADEC3A9B}.Debug|Any CPU.ActiveCfg = Debug|Any CPU
		{2CE21EC0-0954-4414-B26D-8734ADEC3A9B}.Debug|Any CPU.Build.0 = Debug|Any CPU
		{2CE21EC0-0954-4414-B26D-8734ADEC3A9B}.Release|Any CPU.ActiveCfg = Release|Any CPU
		{2CE21EC0-0954-4414-B26D-8734ADEC3A9B}.Release|Any CPU.Build.0 = Release|Any CPU
	EndGlobalSection
	GlobalSection(SolutionProperties) = preSolution
		HideSolutionNode = FALSE
	EndGlobalSection
	GlobalSection(ExtensibilityGlobals) = postSolution
		SolutionGuid = {8FFD62CB-0AA8-4AFA-9ADF-816964C4407C}
	EndGlobalSection
EndGlobal
